
Microsoft Visual Studio Solution File, Format Version 12.00
# Visual Studio Version 16
VisualStudioVersion = 16.0.29613.14
MinimumVisualStudioVersion = 10.0.40219.1
Project("{FAE04EC0-301F-11D3-BF4B-00C04F79EFBC}") = "UDP_Chat", "UDP_Chat\UDP_Chat.csproj", "{5610F513-A599-4816-90A6-1466349844D6}"
EndProject
Global
	GlobalSection(SolutionConfigurationPlatforms) = preSolution
		Debug|Any CPU = Debug|Any CPU
		Release|Any CPU = Release|Any CPU
	EndGlobalSection
	GlobalSection(ProjectConfigurationPlatforms) = postSolution
		{5610F513-A599-4816-90A6-1466349844D6}.Debug|Any CPU.ActiveCfg = Debug|Any CPU
		{5610F513-A599-4816-90A6-1466349844D6}.Debug|Any CPU.Build.0 = Debug|Any CPU
		{5610F513-A599-4816-90A6-1466349844D6}.Release|Any CPU.ActiveCfg = Release|Any CPU
		{5610F513-A599-4816-90A6-1466349844D6}.Release|Any CPU.Build.0 = Release|Any CPU
	EndGlobalSection
	GlobalSection(SolutionProperties) = preSolution
		HideSolutionNode = FALSE
	EndGlobalSection
	GlobalSection(ExtensibilityGlobals) = postSolution
		SolutionGuid = {25EE4255-71DB-47EA-82B5-4066312CF5F1}
	EndGlobalSection
EndGlobal
