
Microsoft Visual Studio Solution File, Format Version 12.00
# Visual Studio Version 16
VisualStudioVersion = 16.0.29926.136
MinimumVisualStudioVersion = 10.0.40219.1
Project("{FAE04EC0-301F-11D3-BF4B-00C04F79EFBC}") = "TCP_Tennis", "TCP_Tennis\TCP_Tennis.csproj", "{6F403D41-0F68-47F8-9668-31BA74C26B20}"
EndProject
Global
	GlobalSection(SolutionConfigurationPlatforms) = preSolution
		Debug|Any CPU = Debug|Any CPU
		Release|Any CPU = Release|Any CPU
	EndGlobalSection
	GlobalSection(ProjectConfigurationPlatforms) = postSolution
		{6F403D41-0F68-47F8-9668-31BA74C26B20}.Debug|Any CPU.ActiveCfg = Debug|Any CPU
		{6F403D41-0F68-47F8-9668-31BA74C26B20}.Debug|Any CPU.Build.0 = Debug|Any CPU
		{6F403D41-0F68-47F8-9668-31BA74C26B20}.Release|Any CPU.ActiveCfg = Release|Any CPU
		{6F403D41-0F68-47F8-9668-31BA74C26B20}.Release|Any CPU.Build.0 = Release|Any CPU
	EndGlobalSection
	GlobalSection(SolutionProperties) = preSolution
		HideSolutionNode = FALSE
	EndGlobalSection
	GlobalSection(ExtensibilityGlobals) = postSolution
		SolutionGuid = {4054A5CA-8C0D-4CB0-9FEA-4D9069DC99DE}
	EndGlobalSection
EndGlobal
